
Microsoft Visual Studio Solution File, Format Version 12.00
# Visual Studio Version 16
VisualStudioVersion = 16.0.31410.357
MinimumVisualStudioVersion = 10.0.40219.1
Project("{FAE04EC0-301F-11D3-BF4B-00C04F79EFBC}") = "NukeLock", "NukeLock\NukeLock.csproj", "{292889E6-4189-4EA0-8F50-A9AA584FB3E1}"
EndProject
Global
	GlobalSection(SolutionConfigurationPlatforms) = preSolution
		Debug|Any CPU = Debug|Any CPU
		Release|Any CPU = Release|Any CPU
	EndGlobalSection
	GlobalSection(ProjectConfigurationPlatforms) = postSolution
		{292889E6-4189-4EA0-8F50-A9AA584FB3E1}.Debug|Any CPU.ActiveCfg = Debug|Any CPU
		{292889E6-4189-4EA0-8F50-A9AA584FB3E1}.Debug|Any CPU.Build.0 = Debug|Any CPU
		{292889E6-4189-4EA0-8F50-A9AA584FB3E1}.Release|Any CPU.ActiveCfg = Release|Any CPU
		{292889E6-4189-4EA0-8F50-A9AA584FB3E1}.Release|Any CPU.Build.0 = Release|Any CPU
	EndGlobalSection
	GlobalSection(SolutionProperties) = preSolution
		HideSolutionNode = FALSE
	EndGlobalSection
	GlobalSection(ExtensibilityGlobals) = postSolution
		SolutionGuid = {E4152067-A770-47DA-9642-A50E36609BB2}
	EndGlobalSection
EndGlobal
